
Microsoft Visual Studio Solution File, Format Version 12.00
# Visual Studio 15
Project("{FAE04EC0-301F-11D3-BF4B-00C04F79EFBC}") = "Unity.RenderPipelines.Core.Runtime", "Unity.RenderPipelines.Core.Runtime.csproj", "{B17E9B43-6D9E-B229-3E20-40CB48DB666B}"
EndProject
Project("{FAE04EC0-301F-11D3-BF4B-00C04F79EFBC}") = "UnityEngine.TestRunner", "UnityEngine.TestRunner.csproj", "{9E416C74-CCE3-2797-7931-F19F16C3C76C}"
EndProject
Project("{FAE04EC0-301F-11D3-BF4B-00C04F79EFBC}") = "Unity.Mathematics", "Unity.Mathematics.csproj", "{89E026E3-4C61-FBC4-8221-643DF614EB2B}"
EndProject
Project("{FAE04EC0-301F-11D3-BF4B-00C04F79EFBC}") = "UnityEngine.UI", "UnityEngine.UI.csproj", "{8833E8D4-A39F-49D3-2CE8-D1CBA03A1100}"
EndProject
Project("{FAE04EC0-301F-11D3-BF4B-00C04F79EFBC}") = "Unity.RenderPipelines.Universal.Runtime", "Unity.RenderPipelines.Universal.Runtime.csproj", "{D467A8F3-D8D8-8E48-177F-E82DF09BD4E5}"
EndProject
Project("{FAE04EC0-301F-11D3-BF4B-00C04F79EFBC}") = "Unity.TextMeshPro", "Unity.TextMeshPro.csproj", "{9FD393CB-ACF5-2E66-C920-E13365527904}"
EndProject
Project("{FAE04EC0-301F-11D3-BF4B-00C04F79EFBC}") = "Unity.VisualEffectGraph.Runtime", "Unity.VisualEffectGraph.Runtime.csproj", "{561CC55C-019E-5E3E-FEE7-FBF25B2AB4AF}"
EndProject
Project("{FAE04EC0-301F-11D3-BF4B-00C04F79EFBC}") = "Unity.Timeline", "Unity.Timeline.csproj", "{5AFD349C-B05C-3BCB-7C33-15996287D320}"
EndProject
Project("{FAE04EC0-301F-11D3-BF4B-00C04F79EFBC}") = "Assembly-CSharp", "Assembly-CSharp.csproj", "{5E5B8800-2B9A-433A-A286-3F4A7ABF1ED4}"
EndProject
Project("{FAE04EC0-301F-11D3-BF4B-00C04F79EFBC}") = "Unity.RenderPipelines.Core.ShaderLibrary", "Unity.RenderPipelines.Core.ShaderLibrary.csproj", "{53633E79-99D1-80ED-6EB5-FF1A15CB5FF9}"
EndProject
Project("{FAE04EC0-301F-11D3-BF4B-00C04F79EFBC}") = "Unity.RenderPipeline.Universal.ShaderLibrary", "Unity.RenderPipeline.Universal.ShaderLibrary.csproj", "{192C8CA4-2631-ABDD-3D48-D228792249EF}"
EndProject
Project("{FAE04EC0-301F-11D3-BF4B-00C04F79EFBC}") = "Unity.RenderPipelines.Universal.Shaders", "Unity.RenderPipelines.Universal.Shaders.csproj", "{39F1D4D7-8816-90FC-2861-06B56044D00A}"
EndProject
Project("{FAE04EC0-301F-11D3-BF4B-00C04F79EFBC}") = "Unity.RenderPipelines.ShaderGraph.ShaderGraphLibrary", "Unity.RenderPipelines.ShaderGraph.ShaderGraphLibrary.csproj", "{DA25B091-7933-E6AD-5804-5E817B7F6C65}"
EndProject
Project("{FAE04EC0-301F-11D3-BF4B-00C04F79EFBC}") = "Unity.PlasticSCM.Editor", "Unity.PlasticSCM.Editor.csproj", "{C5CCA63C-FED2-38EB-CDA7-22106BE3EE92}"
EndProject
Project("{FAE04EC0-301F-11D3-BF4B-00C04F79EFBC}") = "Unity.ShaderGraph.Editor", "Unity.ShaderGraph.Editor.csproj", "{9752070B-1BC2-088B-25FF-C6E0637E376E}"
EndProject
Project("{FAE04EC0-301F-11D3-BF4B-00C04F79EFBC}") = "Unity.VisualEffectGraph.Editor", "Unity.VisualEffectGraph.Editor.csproj", "{B48D2152-AF59-1DD0-7755-C53B1371DB3C}"
EndProject
Project("{FAE04EC0-301F-11D3-BF4B-00C04F79EFBC}") = "Unity.VisualStudio.Editor", "Unity.VisualStudio.Editor.csproj", "{A15E664C-C597-B2FE-1B70-C415C96B9B01}"
EndProject
Project("{FAE04EC0-301F-11D3-BF4B-00C04F79EFBC}") = "Unity.Timeline.Editor", "Unity.Timeline.Editor.csproj", "{9D23E734-40F9-F5E2-D682-D6E365BB5864}"
EndProject
Project("{FAE04EC0-301F-11D3-BF4B-00C04F79EFBC}") = "Unity.TextMeshPro.Editor", "Unity.TextMeshPro.Editor.csproj", "{947A3F8A-A2F7-0D26-9306-E10D3BAC0945}"
EndProject
Project("{FAE04EC0-301F-11D3-BF4B-00C04F79EFBC}") = "Unity.CollabProxy.Editor", "Unity.CollabProxy.Editor.csproj", "{D0072A00-D4A4-4F0C-4353-5B711E52D6B8}"
EndProject
Project("{FAE04EC0-301F-11D3-BF4B-00C04F79EFBC}") = "UnityEditor.TestRunner", "UnityEditor.TestRunner.csproj", "{4FB91A9C-4D4F-F837-36C2-40F578A39DD4}"
EndProject
Project("{FAE04EC0-301F-11D3-BF4B-00C04F79EFBC}") = "Unity.Rider.Editor", "Unity.Rider.Editor.csproj", "{751DB197-9860-2633-A055-997588D8768D}"
EndProject
Project("{FAE04EC0-301F-11D3-BF4B-00C04F79EFBC}") = "Unity.RenderPipelines.Universal.Editor", "Unity.RenderPipelines.Universal.Editor.csproj", "{0FBC9B84-8BBD-E969-0F83-06122B82C03C}"
EndProject
Project("{FAE04EC0-301F-11D3-BF4B-00C04F79EFBC}") = "Unity.Services.Core.Editor", "Unity.Services.Core.Editor.csproj", "{CAD79613-BEEE-960D-E7B3-C322659906DE}"
EndProject
Project("{FAE04EC0-301F-11D3-BF4B-00C04F79EFBC}") = "Unity.RenderPipelines.Core.Editor", "Unity.RenderPipelines.Core.Editor.csproj", "{3F634D7A-558F-0BC8-723D-D0D6D34A7A57}"
EndProject
Project("{FAE04EC0-301F-11D3-BF4B-00C04F79EFBC}") = "Unity.Searcher.Editor", "Unity.Searcher.Editor.csproj", "{8F9B0EEA-2824-1BA4-7890-B058F94615B0}"
EndProject
Project("{FAE04EC0-301F-11D3-BF4B-00C04F79EFBC}") = "Unity.VSCode.Editor", "Unity.VSCode.Editor.csproj", "{AED3BFBF-D552-4659-5A89-196C3BCC474A}"
EndProject
Project("{FAE04EC0-301F-11D3-BF4B-00C04F79EFBC}") = "UnityEditor.UI", "UnityEditor.UI.csproj", "{EA441CE1-7D11-F317-186D-F25AD31C6788}"
EndProject
Project("{FAE04EC0-301F-11D3-BF4B-00C04F79EFBC}") = "Unity.Mathematics.Editor", "Unity.Mathematics.Editor.csproj", "{1FB92FFF-AC8A-C3F0-BB85-8FF0038C0FAE}"
EndProject
Project("{FAE04EC0-301F-11D3-BF4B-00C04F79EFBC}") = "Unity.ShaderGraph.Utilities", "Unity.ShaderGraph.Utilities.csproj", "{2DA8B067-DF07-AD2C-9C73-B020EC57F121}"
EndProject
Global
	GlobalSection(SolutionConfigurationPlatforms) = preSolution
		Debug|Any CPU = Debug|Any CPU
		Release|Any CPU = Release|Any CPU
	EndGlobalSection
	GlobalSection(ProjectConfigurationPlatforms) = postSolution
		{B17E9B43-6D9E-B229-3E20-40CB48DB666B}.Debug|Any CPU.ActiveCfg = Debug|Any CPU
		{B17E9B43-6D9E-B229-3E20-40CB48DB666B}.Debug|Any CPU.Build.0 = Debug|Any CPU
		{B17E9B43-6D9E-B229-3E20-40CB48DB666B}.Release|Any CPU.ActiveCfg = Release|Any CPU
		{B17E9B43-6D9E-B229-3E20-40CB48DB666B}.Release|Any CPU.Build.0 = Release|Any CPU
		{9E416C74-CCE3-2797-7931-F19F16C3C76C}.Debug|Any CPU.ActiveCfg = Debug|Any CPU
		{9E416C74-CCE3-2797-7931-F19F16C3C76C}.Debug|Any CPU.Build.0 = Debug|Any CPU
		{9E416C74-CCE3-2797-7931-F19F16C3C76C}.Release|Any CPU.ActiveCfg = Release|Any CPU
		{9E416C74-CCE3-2797-7931-F19F16C3C76C}.Release|Any CPU.Build.0 = Release|Any CPU
		{89E026E3-4C61-FBC4-8221-643DF614EB2B}.Debug|Any CPU.ActiveCfg = Debug|Any CPU
		{89E026E3-4C61-FBC4-8221-643DF614EB2B}.Debug|Any CPU.Build.0 = Debug|Any CPU
		{89E026E3-4C61-FBC4-8221-643DF614EB2B}.Release|Any CPU.ActiveCfg = Release|Any CPU
		{89E026E3-4C61-FBC4-8221-643DF614EB2B}.Release|Any CPU.Build.0 = Release|Any CPU
		{8833E8D4-A39F-49D3-2CE8-D1CBA03A1100}.Debug|Any CPU.ActiveCfg = Debug|Any CPU
		{8833E8D4-A39F-49D3-2CE8-D1CBA03A1100}.Debug|Any CPU.Build.0 = Debug|Any CPU
		{8833E8D4-A39F-49D3-2CE8-D1CBA03A1100}.Release|Any CPU.ActiveCfg = Release|Any CPU
		{8833E8D4-A39F-49D3-2CE8-D1CBA03A1100}.Release|Any CPU.Build.0 = Release|Any CPU
		{D467A8F3-D8D8-8E48-177F-E82DF09BD4E5}.Debug|Any CPU.ActiveCfg = Debug|Any CPU
		{D467A8F3-D8D8-8E48-177F-E82DF09BD4E5}.Debug|Any CPU.Build.0 = Debug|Any CPU
		{D467A8F3-D8D8-8E48-177F-E82DF09BD4E5}.Release|Any CPU.ActiveCfg = Release|Any CPU
		{D467A8F3-D8D8-8E48-177F-E82DF09BD4E5}.Release|Any CPU.Build.0 = Release|Any CPU
		{9FD393CB-ACF5-2E66-C920-E13365527904}.Debug|Any CPU.ActiveCfg = Debug|Any CPU
		{9FD393CB-ACF5-2E66-C920-E13365527904}.Debug|Any CPU.Build.0 = Debug|Any CPU
		{9FD393CB-ACF5-2E66-C920-E13365527904}.Release|Any CPU.ActiveCfg = Release|Any CPU
		{9FD393CB-ACF5-2E66-C920-E13365527904}.Release|Any CPU.Build.0 = Release|Any CPU
		{561CC55C-019E-5E3E-FEE7-FBF25B2AB4AF}.Debug|Any CPU.ActiveCfg = Debug|Any CPU
		{561CC55C-019E-5E3E-FEE7-FBF25B2AB4AF}.Debug|Any CPU.Build.0 = Debug|Any CPU
		{561CC55C-019E-5E3E-FEE7-FBF25B2AB4AF}.Release|Any CPU.ActiveCfg = Release|Any CPU
		{561CC55C-019E-5E3E-FEE7-FBF25B2AB4AF}.Release|Any CPU.Build.0 = Release|Any CPU
		{5AFD349C-B05C-3BCB-7C33-15996287D320}.Debug|Any CPU.ActiveCfg = Debug|Any CPU
		{5AFD349C-B05C-3BCB-7C33-15996287D320}.Debug|Any CPU.Build.0 = Debug|Any CPU
		{5AFD349C-B05C-3BCB-7C33-15996287D320}.Release|Any CPU.ActiveCfg = Release|Any CPU
		{5AFD349C-B05C-3BCB-7C33-15996287D320}.Release|Any CPU.Build.0 = Release|Any CPU
		{5E5B8800-2B9A-433A-A286-3F4A7ABF1ED4}.Debug|Any CPU.ActiveCfg = Debug|Any CPU
		{5E5B8800-2B9A-433A-A286-3F4A7ABF1ED4}.Debug|Any CPU.Build.0 = Debug|Any CPU
		{5E5B8800-2B9A-433A-A286-3F4A7ABF1ED4}.Release|Any CPU.ActiveCfg = Release|Any CPU
		{5E5B8800-2B9A-433A-A286-3F4A7ABF1ED4}.Release|Any CPU.Build.0 = Release|Any CPU
		{53633E79-99D1-80ED-6EB5-FF1A15CB5FF9}.Debug|Any CPU.ActiveCfg = Debug|Any CPU
		{53633E79-99D1-80ED-6EB5-FF1A15CB5FF9}.Debug|Any CPU.Build.0 = Debug|Any CPU
		{53633E79-99D1-80ED-6EB5-FF1A15CB5FF9}.Release|Any CPU.ActiveCfg = Release|Any CPU
		{53633E79-99D1-80ED-6EB5-FF1A15CB5FF9}.Release|Any CPU.Build.0 = Release|Any CPU
		{192C8CA4-2631-ABDD-3D48-D228792249EF}.Debug|Any CPU.ActiveCfg = Debug|Any CPU
		{192C8CA4-2631-ABDD-3D48-D228792249EF}.Debug|Any CPU.Build.0 = Debug|Any CPU
		{192C8CA4-2631-ABDD-3D48-D228792249EF}.Release|Any CPU.ActiveCfg = Release|Any CPU
		{192C8CA4-2631-ABDD-3D48-D228792249EF}.Release|Any CPU.Build.0 = Release|Any CPU
		{39F1D4D7-8816-90FC-2861-06B56044D00A}.Debug|Any CPU.ActiveCfg = Debug|Any CPU
		{39F1D4D7-8816-90FC-2861-06B56044D00A}.Debug|Any CPU.Build.0 = Debug|Any CPU
		{39F1D4D7-8816-90FC-2861-06B56044D00A}.Release|Any CPU.ActiveCfg = Release|Any CPU
		{39F1D4D7-8816-90FC-2861-06B56044D00A}.Release|Any CPU.Build.0 = Release|Any CPU
		{DA25B091-7933-E6AD-5804-5E817B7F6C65}.Debug|Any CPU.ActiveCfg = Debug|Any CPU
		{DA25B091-7933-E6AD-5804-5E817B7F6C65}.Debug|Any CPU.Build.0 = Debug|Any CPU
		{DA25B091-7933-E6AD-5804-5E817B7F6C65}.Release|Any CPU.ActiveCfg = Release|Any CPU
		{DA25B091-7933-E6AD-5804-5E817B7F6C65}.Release|Any CPU.Build.0 = Release|Any CPU
		{C5CCA63C-FED2-38EB-CDA7-22106BE3EE92}.Debug|Any CPU.ActiveCfg = Debug|Any CPU
		{C5CCA63C-FED2-38EB-CDA7-22106BE3EE92}.Debug|Any CPU.Build.0 = Debug|Any CPU
		{C5CCA63C-FED2-38EB-CDA7-22106BE3EE92}.Release|Any CPU.ActiveCfg = Release|Any CPU
		{C5CCA63C-FED2-38EB-CDA7-22106BE3EE92}.Release|Any CPU.Build.0 = Release|Any CPU
		{9752070B-1BC2-088B-25FF-C6E0637E376E}.Debug|Any CPU.ActiveCfg = Debug|Any CPU
		{9752070B-1BC2-088B-25FF-C6E0637E376E}.Debug|Any CPU.Build.0 = Debug|Any CPU
		{9752070B-1BC2-088B-25FF-C6E0637E376E}.Release|Any CPU.ActiveCfg = Release|Any CPU
		{9752070B-1BC2-088B-25FF-C6E0637E376E}.Release|Any CPU.Build.0 = Release|Any CPU
		{B48D2152-AF59-1DD0-7755-C53B1371DB3C}.Debug|Any CPU.ActiveCfg = Debug|Any CPU
		{B48D2152-AF59-1DD0-7755-C53B1371DB3C}.Debug|Any CPU.Build.0 = Debug|Any CPU
		{B48D2152-AF59-1DD0-7755-C53B1371DB3C}.Release|Any CPU.ActiveCfg = Release|Any CPU
		{B48D2152-AF59-1DD0-7755-C53B1371DB3C}.Release|Any CPU.Build.0 = Release|Any CPU
		{A15E664C-C597-B2FE-1B70-C415C96B9B01}.Debug|Any CPU.ActiveCfg = Debug|Any CPU
		{A15E664C-C597-B2FE-1B70-C415C96B9B01}.Debug|Any CPU.Build.0 = Debug|Any CPU
		{A15E664C-C597-B2FE-1B70-C415C96B9B01}.Release|Any CPU.ActiveCfg = Release|Any CPU
		{A15E664C-C597-B2FE-1B70-C415C96B9B01}.Release|Any CPU.Build.0 = Release|Any CPU
		{9D23E734-40F9-F5E2-D682-D6E365BB5864}.Debug|Any CPU.ActiveCfg = Debug|Any CPU
		{9D23E734-40F9-F5E2-D682-D6E365BB5864}.Debug|Any CPU.Build.0 = Debug|Any CPU
		{9D23E734-40F9-F5E2-D682-D6E365BB5864}.Release|Any CPU.ActiveCfg = Release|Any CPU
		{9D23E734-40F9-F5E2-D682-D6E365BB5864}.Release|Any CPU.Build.0 = Release|Any CPU
		{947A3F8A-A2F7-0D26-9306-E10D3BAC0945}.Debug|Any CPU.ActiveCfg = Debug|Any CPU
		{947A3F8A-A2F7-0D26-9306-E10D3BAC0945}.Debug|Any CPU.Build.0 = Debug|Any CPU
		{947A3F8A-A2F7-0D26-9306-E10D3BAC0945}.Release|Any CPU.ActiveCfg = Release|Any CPU
		{947A3F8A-A2F7-0D26-9306-E10D3BAC0945}.Release|Any CPU.Build.0 = Release|Any CPU
		{D0072A00-D4A4-4F0C-4353-5B711E52D6B8}.Debug|Any CPU.ActiveCfg = Debug|Any CPU
		{D0072A00-D4A4-4F0C-4353-5B711E52D6B8}.Debug|Any CPU.Build.0 = Debug|Any CPU
		{D0072A00-D4A4-4F0C-4353-5B711E52D6B8}.Release|Any CPU.ActiveCfg = Release|Any CPU
		{D0072A00-D4A4-4F0C-4353-5B711E52D6B8}.Release|Any CPU.Build.0 = Release|Any CPU
		{4FB91A9C-4D4F-F837-36C2-40F578A39DD4}.Debug|Any CPU.ActiveCfg = Debug|Any CPU
		{4FB91A9C-4D4F-F837-36C2-40F578A39DD4}.Debug|Any CPU.Build.0 = Debug|Any CPU
		{4FB91A9C-4D4F-F837-36C2-40F578A39DD4}.Release|Any CPU.ActiveCfg = Release|Any CPU
		{4FB91A9C-4D4F-F837-36C2-40F578A39DD4}.Release|Any CPU.Build.0 = Release|Any CPU
		{751DB197-9860-2633-A055-997588D8768D}.Debug|Any CPU.ActiveCfg = Debug|Any CPU
		{751DB197-9860-2633-A055-997588D8768D}.Debug|Any CPU.Build.0 = Debug|Any CPU
		{751DB197-9860-2633-A055-997588D8768D}.Release|Any CPU.ActiveCfg = Release|Any CPU
		{751DB197-9860-2633-A055-997588D8768D}.Release|Any CPU.Build.0 = Release|Any CPU
		{0FBC9B84-8BBD-E969-0F83-06122B82C03C}.Debug|Any CPU.ActiveCfg = Debug|Any CPU
		{0FBC9B84-8BBD-E969-0F83-06122B82C03C}.Debug|Any CPU.Build.0 = Debug|Any CPU
		{0FBC9B84-8BBD-E969-0F83-06122B82C03C}.Release|Any CPU.ActiveCfg = Release|Any CPU
		{0FBC9B84-8BBD-E969-0F83-06122B82C03C}.Release|Any CPU.Build.0 = Release|Any CPU
		{CAD79613-BEEE-960D-E7B3-C322659906DE}.Debug|Any CPU.ActiveCfg = Debug|Any CPU
		{CAD79613-BEEE-960D-E7B3-C322659906DE}.Debug|Any CPU.Build.0 = Debug|Any CPU
		{CAD79613-BEEE-960D-E7B3-C322659906DE}.Release|Any CPU.ActiveCfg = Release|Any CPU
		{CAD79613-BEEE-960D-E7B3-C322659906DE}.Release|Any CPU.Build.0 = Release|Any CPU
		{3F634D7A-558F-0BC8-723D-D0D6D34A7A57}.Debug|Any CPU.ActiveCfg = Debug|Any CPU
		{3F634D7A-558F-0BC8-723D-D0D6D34A7A57}.Debug|Any CPU.Build.0 = Debug|Any CPU
		{3F634D7A-558F-0BC8-723D-D0D6D34A7A57}.Release|Any CPU.ActiveCfg = Release|Any CPU
		{3F634D7A-558F-0BC8-723D-D0D6D34A7A57}.Release|Any CPU.Build.0 = Release|Any CPU
		{8F9B0EEA-2824-1BA4-7890-B058F94615B0}.Debug|Any CPU.ActiveCfg = Debug|Any CPU
		{8F9B0EEA-2824-1BA4-7890-B058F94615B0}.Debug|Any CPU.Build.0 = Debug|Any CPU
		{8F9B0EEA-2824-1BA4-7890-B058F94615B0}.Release|Any CPU.ActiveCfg = Release|Any CPU
		{8F9B0EEA-2824-1BA4-7890-B058F94615B0}.Release|Any CPU.Build.0 = Release|Any CPU
		{AED3BFBF-D552-4659-5A89-196C3BCC474A}.Debug|Any CPU.ActiveCfg = Debug|Any CPU
		{AED3BFBF-D552-4659-5A89-196C3BCC474A}.Debug|Any CPU.Build.0 = Debug|Any CPU
		{AED3BFBF-D552-4659-5A89-196C3BCC474A}.Release|Any CPU.ActiveCfg = Release|Any CPU
		{AED3BFBF-D552-4659-5A89-196C3BCC474A}.Release|Any CPU.Build.0 = Release|Any CPU
		{EA441CE1-7D11-F317-186D-F25AD31C6788}.Debug|Any CPU.ActiveCfg = Debug|Any CPU
		{EA441CE1-7D11-F317-186D-F25AD31C6788}.Debug|Any CPU.Build.0 = Debug|Any CPU
		{EA441CE1-7D11-F317-186D-F25AD31C6788}.Release|Any CPU.ActiveCfg = Release|Any CPU
		{EA441CE1-7D11-F317-186D-F25AD31C6788}.Release|Any CPU.Build.0 = Release|Any CPU
		{1FB92FFF-AC8A-C3F0-BB85-8FF0038C0FAE}.Debug|Any CPU.ActiveCfg = Debug|Any CPU
		{1FB92FFF-AC8A-C3F0-BB85-8FF0038C0FAE}.Debug|Any CPU.Build.0 = Debug|Any CPU
		{1FB92FFF-AC8A-C3F0-BB85-8FF0038C0FAE}.Release|Any CPU.ActiveCfg = Release|Any CPU
		{1FB92FFF-AC8A-C3F0-BB85-8FF0038C0FAE}.Release|Any CPU.Build.0 = Release|Any CPU
		{2DA8B067-DF07-AD2C-9C73-B020EC57F121}.Debug|Any CPU.ActiveCfg = Debug|Any CPU
		{2DA8B067-DF07-AD2C-9C73-B020EC57F121}.Debug|Any CPU.Build.0 = Debug|Any CPU
		{2DA8B067-DF07-AD2C-9C73-B020EC57F121}.Release|Any CPU.ActiveCfg = Release|Any CPU
		{2DA8B067-DF07-AD2C-9C73-B020EC57F121}.Release|Any CPU.Build.0 = Release|Any CPU
	EndGlobalSection
	GlobalSection(SolutionProperties) = preSolution
		HideSolutionNode = FALSE
	EndGlobalSection
EndGlobal
